{
    "_readme": [
        "This file locks the dependencies of your project to a known state",
        "Read more about it at https://getcomposer.org/doc/01-basic-usage.md#installing-dependencies",
        "This file is @generated automatically"
    ],
<<<<<<< HEAD
<<<<<<< HEAD
    "content-hash": "ad42ca84d09df82c1dc2873e3e79e5d1",
=======
    "content-hash": "37bdfade537496dddc112f2ba67c8ce5",
>>>>>>> becca69eed632a9803bb4592567564a9c0702c7c
=======
    "content-hash": "0bc3ab882b8fa432cfba76495e91ba72",
>>>>>>> 4caef873ae906a62b0a4c8f9c203f8d98afb7c1f
    "packages": [
        {
            "name": "driehle/php-crypt-md5",
            "version": "v3.0.0",
            "source": {
                "type": "git",
                "url": "https://github.com/driehle/php-crypt-md5.git",
                "reference": "5651b3b1dd0a5b7ae16c1673b542ba8611a73eaf"
            },
            "dist": {
                "type": "zip",
                "url": "https://api.github.com/repos/driehle/php-crypt-md5/zipball/5651b3b1dd0a5b7ae16c1673b542ba8611a73eaf",
                "reference": "5651b3b1dd0a5b7ae16c1673b542ba8611a73eaf",
                "shasum": ""
            },
            "require": {
                "php": ">=7.0"
            },
            "require-dev": {
                "phpunit/phpunit": "^6.5.0"
            },
            "type": "library",
            "extra": {
                "branch-alias": {
                    "dev-master": "3.0-dev"
                }
            },
            "autoload": {
                "psr-0": {
                    "Md5Crypt\\": "library/"
                }
            },
            "notification-url": "https://packagist.org/downloads/",
            "license": [
                "GPL-3.0+",
                "LGPL-3.0+"
            ],
            "authors": [
                {
                    "name": "Dennis Riehle",
                    "role": "Developer"
                }
            ],
            "description": "A pure PHP implementation of an MD5-hashsum-based implementation of the crypt routine, which can be used to generate hashs for Apache's passwd files",
            "homepage": "https://github.com/driehle/php-crypt-md5",
            "keywords": [
                "MD5",
                "apache",
                "crypt",
                "htaccess",
                "passwd"
            ],
            "support": {
                "issues": "https://github.com/driehle/php-crypt-md5/issues",
                "source": "https://github.com/driehle/php-crypt-md5/tree/v3.0.0"
            },
            "time": "2020-04-14T20:10:41+00:00"
        },
        {
            "name": "ezsql/ezsql",
            "version": "5.1.1",
            "source": {
                "type": "git",
                "url": "https://github.com/ezSQL/ezsql.git",
                "reference": "14968136b7bd4fc6e96ac19cd1fb9d88c87ea4c8"
            },
            "dist": {
                "type": "zip",
                "url": "https://api.github.com/repos/ezSQL/ezsql/zipball/14968136b7bd4fc6e96ac19cd1fb9d88c87ea4c8",
                "reference": "14968136b7bd4fc6e96ac19cd1fb9d88c87ea4c8",
                "shasum": ""
            },
            "require": {
                "php": "^7.1 || ^8",
                "psr/container": "^1.0"
            },
            "provide": {
                "psr/container-implementation": "1.0"
            },
            "require-dev": {
                "phpunit/phpunit": "^6 || ^7 || ^8"
            },
            "type": "library",
            "autoload": {
                "files": [
                    "lib/Constants.php",
                    "lib/ezFunctions.php"
                ],
                "psr-4": {
                    "ezsql\\": "lib/"
                }
            },
            "notification-url": "https://packagist.org/downloads/",
            "license": [
                "LGPL-3.0-or-later",
                "MIT"
            ],
            "authors": [
                {
                    "name": "Justin Vincent",
                    "email": "webmaster@justinvincent.com"
                },
                {
                    "name": "Stefanie Janine Stoelting",
                    "email": "mail@stefanie-stoelting.de"
                },
                {
                    "name": "l. stubbs",
                    "email": "lstubbs@techno.express"
                }
            ],
            "description": "Advance database access library. Make interacting with a database ridiculously easy. An universal interchangeable CRUD system.",
            "keywords": [
                "abstraction",
                "crud",
                "database",
                "dba",
                "mssql",
                "mysql",
                "mysqli",
                "pdo",
                "postgresql",
                "sql",
                "sqlite",
                "sqlite3",
                "sqlserver",
                "sqlsrv"
            ],
            "support": {
                "issues": "https://github.com/ezSQL/ezSQL/issues",
                "source": "https://github.com/ezSQL/ezsql/tree/5.1.1"
            },
            "time": "2021-02-22T20:04:54+00:00"
        },
        {
            "name": "firebase/php-jwt",
            "version": "v5.2.1",
            "source": {
                "type": "git",
                "url": "https://github.com/firebase/php-jwt.git",
                "reference": "f42c9110abe98dd6cfe9053c49bc86acc70b2d23"
            },
            "dist": {
                "type": "zip",
                "url": "https://api.github.com/repos/firebase/php-jwt/zipball/f42c9110abe98dd6cfe9053c49bc86acc70b2d23",
                "reference": "f42c9110abe98dd6cfe9053c49bc86acc70b2d23",
                "shasum": ""
            },
            "require": {
                "php": ">=5.3.0"
            },
            "require-dev": {
                "phpunit/phpunit": ">=4.8 <=9"
            },
            "type": "library",
            "autoload": {
                "psr-4": {
                    "Firebase\\JWT\\": "src"
                }
            },
            "notification-url": "https://packagist.org/downloads/",
            "license": [
                "BSD-3-Clause"
            ],
            "authors": [
                {
                    "name": "Neuman Vong",
                    "email": "neuman+pear@twilio.com",
                    "role": "Developer"
                },
                {
                    "name": "Anant Narayanan",
                    "email": "anant@php.net",
                    "role": "Developer"
                }
            ],
            "description": "A simple library to encode and decode JSON Web Tokens (JWT) in PHP. Should conform to the current spec.",
            "homepage": "https://github.com/firebase/php-jwt",
            "keywords": [
                "jwt",
                "php"
            ],
            "support": {
                "issues": "https://github.com/firebase/php-jwt/issues",
                "source": "https://github.com/firebase/php-jwt/tree/v5.2.1"
            },
            "time": "2021-02-12T00:02:00+00:00"
        },
        {
            "name": "poly-crypto/poly-crypto",
            "version": "2.0.0",
            "source": {
                "type": "git",
                "url": "https://github.com/kensnyder/poly-crypto.git",
                "reference": "6c6039cc2de688c5f1149a87731872ca53e5223c"
            },
            "dist": {
                "type": "zip",
                "url": "https://api.github.com/repos/kensnyder/poly-crypto/zipball/6c6039cc2de688c5f1149a87731872ca53e5223c",
                "reference": "6c6039cc2de688c5f1149a87731872ca53e5223c",
                "shasum": ""
            },
            "require": {
                "ext-openssl": "*",
                "php": ">=7.1.0"
            },
            "require-dev": {
                "kahlan/kahlan": "4.5.0"
            },
            "type": "library",
            "autoload": {
                "psr-0": {
                    "PolyCrypto": "src"
                }
            },
            "notification-url": "https://packagist.org/downloads/",
            "license": [
                "ISC"
            ],
            "authors": [
                {
                    "name": "Ken Snyder",
                    "email": "kendsnyder@gmail.com"
                }
            ],
            "description": "High-level cryptographic functions that are interoperable between NodeJS and PHP 7.1+",
            "homepage": "https://github.com/kensnyder/poly-crypto",
            "keywords": [
                "AES-256",
                "AES256GCM",
                "MD5",
                "PyCryptodome",
                "aes",
                "aes-256-gcm",
                "aes256",
                "bcrypt",
                "cipher",
                "ciphertext",
                "crypto",
                "cryptography",
                "decrypt",
                "decryption",
                "digest",
                "encrypt",
                "encryption",
                "gcm",
                "hash",
                "node",
                "node-forge",
                "nodejs",
                "openssl",
                "php",
                "random",
                "sha1",
                "sha256",
                "sha512",
                "slug",
                "symmetric",
                "urandom"
            ],
            "support": {
                "issues": "https://github.com/kensnyder/poly-crypto/issues",
                "source": "https://github.com/kensnyder/poly-crypto/tree/2.0.0"
            },
            "time": "2021-03-15T04:25:32+00:00"
        },
        {
            "name": "psr/container",
            "version": "1.1.1",
            "source": {
                "type": "git",
                "url": "https://github.com/php-fig/container.git",
                "reference": "8622567409010282b7aeebe4bb841fe98b58dcaf"
            },
            "dist": {
                "type": "zip",
                "url": "https://api.github.com/repos/php-fig/container/zipball/8622567409010282b7aeebe4bb841fe98b58dcaf",
                "reference": "8622567409010282b7aeebe4bb841fe98b58dcaf",
                "shasum": ""
            },
            "require": {
                "php": ">=7.2.0"
            },
            "type": "library",
            "autoload": {
                "psr-4": {
                    "Psr\\Container\\": "src/"
                }
            },
            "notification-url": "https://packagist.org/downloads/",
            "license": [
                "MIT"
            ],
            "authors": [
                {
                    "name": "PHP-FIG",
                    "homepage": "https://www.php-fig.org/"
                }
            ],
            "description": "Common Container Interface (PHP FIG PSR-11)",
            "homepage": "https://github.com/php-fig/container",
            "keywords": [
                "PSR-11",
                "container",
                "container-interface",
                "container-interop",
                "psr"
            ],
            "support": {
                "issues": "https://github.com/php-fig/container/issues",
                "source": "https://github.com/php-fig/container/tree/1.1.1"
            },
            "time": "2021-03-05T17:36:06+00:00"
        },
        {
            "name": "whitehat101/apr1-md5",
            "version": "v1.0.0",
            "source": {
                "type": "git",
                "url": "https://github.com/whitehat101/apr1-md5.git",
                "reference": "8b261c9fc0481b4e9fa9d01c6ca70867b5d5e819"
            },
            "dist": {
                "type": "zip",
                "url": "https://api.github.com/repos/whitehat101/apr1-md5/zipball/8b261c9fc0481b4e9fa9d01c6ca70867b5d5e819",
                "reference": "8b261c9fc0481b4e9fa9d01c6ca70867b5d5e819",
                "shasum": ""
            },
            "require": {
                "php": ">=5.3.0"
            },
            "require-dev": {
                "phpunit/phpunit": "4.0.*"
            },
            "type": "library",
            "autoload": {
                "psr-4": {
                    "WhiteHat101\\Crypt\\": "src"
                }
            },
            "notification-url": "https://packagist.org/downloads/",
            "license": [
                "MIT"
            ],
            "authors": [
                {
                    "name": "Jeremy Ebler",
                    "email": "jebler@gmail.com"
                }
            ],
            "description": "Apache's APR1-MD5 algorithm in pure PHP",
            "homepage": "https://github.com/whitehat101/apr1-md5",
            "keywords": [
                "MD5",
                "apr1"
            ],
            "support": {
                "issues": "https://github.com/whitehat101/apr1-md5/issues",
                "source": "https://github.com/whitehat101/apr1-md5/tree/master"
            },
            "time": "2015-02-11T11:06:42+00:00"
        }
    ],
    "packages-dev": [],
    "aliases": [],
    "minimum-stability": "stable",
    "stability-flags": [],
    "prefer-stable": false,
    "prefer-lowest": false,
    "platform": [],
    "platform-dev": [],
    "plugin-api-version": "2.0.0"
}
